
Microsoft Visual Studio Solution File, Format Version 12.00
# Visual Studio Version 16
VisualStudioVersion = 16.0.29102.190
MinimumVisualStudioVersion = 10.0.40219.1
Project("{FAE04EC0-301F-11D3-BF4B-00C04F79EFBC}") = "FileLogger", "FileLogger\FileLogger.csproj", "{2029D76F-E984-4734-A947-F4D6130C9415}"
EndProject
Project("{FAE04EC0-301F-11D3-BF4B-00C04F79EFBC}") = "Database", "Database\Database.csproj", "{8572ADE2-19FB-4441-B6FB-0536B18798EA}"
EndProject
Project("{FAE04EC0-301F-11D3-BF4B-00C04F79EFBC}") = "Converter", "Converter\Converter.csproj", "{865E2228-DC14-4060-8B36-88A42218F984}"
EndProject
Project("{FAE04EC0-301F-11D3-BF4B-00C04F79EFBC}") = "Recovery", "Recovery\Recovery.csproj", "{83DA1A86-68E1-4E0E-8911-DF240EEF5E83}"
EndProject
Project("{FAE04EC0-301F-11D3-BF4B-00C04F79EFBC}") = "Synios.Framework.Toolbox", "Synios.Framework.Toolbox\Synios.Framework.Toolbox.csproj", "{3553D2BA-08D0-47FB-AE30-1D884903BBF3}"
EndProject
Project("{FAE04EC0-301F-11D3-BF4B-00C04F79EFBC}") = "SHE_Document_Converter", "SHE_Document_Converter\SHE_Document_Converter.csproj", "{4FD333EA-AC63-4CE7-ADE8-972FF723FF73}"
EndProject
Project("{FAE04EC0-301F-11D3-BF4B-00C04F79EFBC}") = "BelegSeitenRepair", "BelegSeitenRepair\BelegSeitenRepair.csproj", "{3860FC81-A5C2-4C71-A713-BDA24DC22CB2}"
EndProject
Project("{FAE04EC0-301F-11D3-BF4B-00C04F79EFBC}") = "Core", "Core\Core.csproj", "{15F644C6-7412-47C2-9D34-5FFECE8F7D8F}"
EndProject
Project("{FAE04EC0-301F-11D3-BF4B-00C04F79EFBC}") = "Doc_Konverter", "Doc_Konverter\Doc_Konverter.csproj", "{C9015928-7C17-4571-BF01-2660B4A6B2E7}"
EndProject
Global
	GlobalSection(SolutionConfigurationPlatforms) = preSolution
		Debug|Any CPU = Debug|Any CPU
		Debug|x64 = Debug|x64
		Debug|x86 = Debug|x86
		Release|Any CPU = Release|Any CPU
		Release|x64 = Release|x64
		Release|x86 = Release|x86
		Release32Bit|Any CPU = Release32Bit|Any CPU
		Release32Bit|x64 = Release32Bit|x64
		Release32Bit|x86 = Release32Bit|x86
	EndGlobalSection
	GlobalSection(ProjectConfigurationPlatforms) = postSolution
		{2029D76F-E984-4734-A947-F4D6130C9415}.Debug|Any CPU.ActiveCfg = Debug|Any CPU
		{2029D76F-E984-4734-A947-F4D6130C9415}.Debug|Any CPU.Build.0 = Debug|Any CPU
		{2029D76F-E984-4734-A947-F4D6130C9415}.Debug|x64.ActiveCfg = Debug|Any CPU
		{2029D76F-E984-4734-A947-F4D6130C9415}.Debug|x64.Build.0 = Debug|Any CPU
		{2029D76F-E984-4734-A947-F4D6130C9415}.Debug|x86.ActiveCfg = Debug|Any CPU
		{2029D76F-E984-4734-A947-F4D6130C9415}.Debug|x86.Build.0 = Debug|Any CPU
		{2029D76F-E984-4734-A947-F4D6130C9415}.Release|Any CPU.ActiveCfg = Release|Any CPU
		{2029D76F-E984-4734-A947-F4D6130C9415}.Release|Any CPU.Build.0 = Release|Any CPU
		{2029D76F-E984-4734-A947-F4D6130C9415}.Release|x64.ActiveCfg = Release|Any CPU
		{2029D76F-E984-4734-A947-F4D6130C9415}.Release|x64.Build.0 = Release|Any CPU
		{2029D76F-E984-4734-A947-F4D6130C9415}.Release|x86.ActiveCfg = Release|Any CPU
		{2029D76F-E984-4734-A947-F4D6130C9415}.Release|x86.Build.0 = Release|Any CPU
		{2029D76F-E984-4734-A947-F4D6130C9415}.Release32Bit|Any CPU.ActiveCfg = Release|Any CPU
		{2029D76F-E984-4734-A947-F4D6130C9415}.Release32Bit|Any CPU.Build.0 = Release|Any CPU
		{2029D76F-E984-4734-A947-F4D6130C9415}.Release32Bit|x64.ActiveCfg = Release|Any CPU
		{2029D76F-E984-4734-A947-F4D6130C9415}.Release32Bit|x64.Build.0 = Release|Any CPU
		{2029D76F-E984-4734-A947-F4D6130C9415}.Release32Bit|x86.ActiveCfg = Release|Any CPU
		{2029D76F-E984-4734-A947-F4D6130C9415}.Release32Bit|x86.Build.0 = Release|Any CPU
		{8572ADE2-19FB-4441-B6FB-0536B18798EA}.Debug|Any CPU.ActiveCfg = Debug|Any CPU
		{8572ADE2-19FB-4441-B6FB-0536B18798EA}.Debug|Any CPU.Build.0 = Debug|Any CPU
		{8572ADE2-19FB-4441-B6FB-0536B18798EA}.Debug|x64.ActiveCfg = Debug|Any CPU
		{8572ADE2-19FB-4441-B6FB-0536B18798EA}.Debug|x64.Build.0 = Debug|Any CPU
		{8572ADE2-19FB-4441-B6FB-0536B18798EA}.Debug|x86.ActiveCfg = Debug|Any CPU
		{8572ADE2-19FB-4441-B6FB-0536B18798EA}.Debug|x86.Build.0 = Debug|Any CPU
		{8572ADE2-19FB-4441-B6FB-0536B18798EA}.Release|Any CPU.ActiveCfg = Release|Any CPU
		{8572ADE2-19FB-4441-B6FB-0536B18798EA}.Release|Any CPU.Build.0 = Release|Any CPU
		{8572ADE2-19FB-4441-B6FB-0536B18798EA}.Release|x64.ActiveCfg = Release|Any CPU
		{8572ADE2-19FB-4441-B6FB-0536B18798EA}.Release|x64.Build.0 = Release|Any CPU
		{8572ADE2-19FB-4441-B6FB-0536B18798EA}.Release|x86.ActiveCfg = Release|Any CPU
		{8572ADE2-19FB-4441-B6FB-0536B18798EA}.Release|x86.Build.0 = Release|Any CPU
		{8572ADE2-19FB-4441-B6FB-0536B18798EA}.Release32Bit|Any CPU.ActiveCfg = Release|Any CPU
		{8572ADE2-19FB-4441-B6FB-0536B18798EA}.Release32Bit|Any CPU.Build.0 = Release|Any CPU
		{8572ADE2-19FB-4441-B6FB-0536B18798EA}.Release32Bit|x64.ActiveCfg = Release|Any CPU
		{8572ADE2-19FB-4441-B6FB-0536B18798EA}.Release32Bit|x64.Build.0 = Release|Any CPU
		{8572ADE2-19FB-4441-B6FB-0536B18798EA}.Release32Bit|x86.ActiveCfg = Release|Any CPU
		{8572ADE2-19FB-4441-B6FB-0536B18798EA}.Release32Bit|x86.Build.0 = Release|Any CPU
		{865E2228-DC14-4060-8B36-88A42218F984}.Debug|Any CPU.ActiveCfg = Debug|Any CPU
		{865E2228-DC14-4060-8B36-88A42218F984}.Debug|Any CPU.Build.0 = Debug|Any CPU
		{865E2228-DC14-4060-8B36-88A42218F984}.Debug|x64.ActiveCfg = Debug|Any CPU
		{865E2228-DC14-4060-8B36-88A42218F984}.Debug|x64.Build.0 = Debug|Any CPU
		{865E2228-DC14-4060-8B36-88A42218F984}.Debug|x86.ActiveCfg = Debug|Any CPU
		{865E2228-DC14-4060-8B36-88A42218F984}.Debug|x86.Build.0 = Debug|Any CPU
		{865E2228-DC14-4060-8B36-88A42218F984}.Release|Any CPU.ActiveCfg = Release|Any CPU
		{865E2228-DC14-4060-8B36-88A42218F984}.Release|Any CPU.Build.0 = Release|Any CPU
		{865E2228-DC14-4060-8B36-88A42218F984}.Release|x64.ActiveCfg = Release|Any CPU
		{865E2228-DC14-4060-8B36-88A42218F984}.Release|x64.Build.0 = Release|Any CPU
		{865E2228-DC14-4060-8B36-88A42218F984}.Release|x86.ActiveCfg = Release|Any CPU
		{865E2228-DC14-4060-8B36-88A42218F984}.Release|x86.Build.0 = Release|Any CPU
		{865E2228-DC14-4060-8B36-88A42218F984}.Release32Bit|Any CPU.ActiveCfg = Release|Any CPU
		{865E2228-DC14-4060-8B36-88A42218F984}.Release32Bit|Any CPU.Build.0 = Release|Any CPU
		{865E2228-DC14-4060-8B36-88A42218F984}.Release32Bit|x64.ActiveCfg = Release|Any CPU
		{865E2228-DC14-4060-8B36-88A42218F984}.Release32Bit|x64.Build.0 = Release|Any CPU
		{865E2228-DC14-4060-8B36-88A42218F984}.Release32Bit|x86.ActiveCfg = Release|Any CPU
		{865E2228-DC14-4060-8B36-88A42218F984}.Release32Bit|x86.Build.0 = Release|Any CPU
		{83DA1A86-68E1-4E0E-8911-DF240EEF5E83}.Debug|Any CPU.ActiveCfg = Debug|Any CPU
		{83DA1A86-68E1-4E0E-8911-DF240EEF5E83}.Debug|Any CPU.Build.0 = Debug|Any CPU
		{83DA1A86-68E1-4E0E-8911-DF240EEF5E83}.Debug|x64.ActiveCfg = Debug|Any CPU
		{83DA1A86-68E1-4E0E-8911-DF240EEF5E83}.Debug|x64.Build.0 = Debug|Any CPU
		{83DA1A86-68E1-4E0E-8911-DF240EEF5E83}.Debug|x86.ActiveCfg = Debug|Any CPU
		{83DA1A86-68E1-4E0E-8911-DF240EEF5E83}.Debug|x86.Build.0 = Debug|Any CPU
		{83DA1A86-68E1-4E0E-8911-DF240EEF5E83}.Release|Any CPU.ActiveCfg = Release|Any CPU
		{83DA1A86-68E1-4E0E-8911-DF240EEF5E83}.Release|Any CPU.Build.0 = Release|Any CPU
		{83DA1A86-68E1-4E0E-8911-DF240EEF5E83}.Release|x64.ActiveCfg = Release|Any CPU
		{83DA1A86-68E1-4E0E-8911-DF240EEF5E83}.Release|x64.Build.0 = Release|Any CPU
		{83DA1A86-68E1-4E0E-8911-DF240EEF5E83}.Release|x86.ActiveCfg = Release|Any CPU
		{83DA1A86-68E1-4E0E-8911-DF240EEF5E83}.Release|x86.Build.0 = Release|Any CPU
		{83DA1A86-68E1-4E0E-8911-DF240EEF5E83}.Release32Bit|Any CPU.ActiveCfg = Release|Any CPU
		{83DA1A86-68E1-4E0E-8911-DF240EEF5E83}.Release32Bit|Any CPU.Build.0 = Release|Any CPU
		{83DA1A86-68E1-4E0E-8911-DF240EEF5E83}.Release32Bit|x64.ActiveCfg = Release|Any CPU
		{83DA1A86-68E1-4E0E-8911-DF240EEF5E83}.Release32Bit|x64.Build.0 = Release|Any CPU
		{83DA1A86-68E1-4E0E-8911-DF240EEF5E83}.Release32Bit|x86.ActiveCfg = Release|Any CPU
		{83DA1A86-68E1-4E0E-8911-DF240EEF5E83}.Release32Bit|x86.Build.0 = Release|Any CPU
		{3553D2BA-08D0-47FB-AE30-1D884903BBF3}.Debug|Any CPU.ActiveCfg = Debug|Any CPU
		{3553D2BA-08D0-47FB-AE30-1D884903BBF3}.Debug|Any CPU.Build.0 = Debug|Any CPU
		{3553D2BA-08D0-47FB-AE30-1D884903BBF3}.Debug|x64.ActiveCfg = Debug|x64
		{3553D2BA-08D0-47FB-AE30-1D884903BBF3}.Debug|x64.Build.0 = Debug|x64
		{3553D2BA-08D0-47FB-AE30-1D884903BBF3}.Debug|x86.ActiveCfg = Debug|x86
		{3553D2BA-08D0-47FB-AE30-1D884903BBF3}.Debug|x86.Build.0 = Debug|x86
		{3553D2BA-08D0-47FB-AE30-1D884903BBF3}.Release|Any CPU.ActiveCfg = Release|Any CPU
		{3553D2BA-08D0-47FB-AE30-1D884903BBF3}.Release|Any CPU.Build.0 = Release|Any CPU
		{3553D2BA-08D0-47FB-AE30-1D884903BBF3}.Release|x64.ActiveCfg = Release|x64
		{3553D2BA-08D0-47FB-AE30-1D884903BBF3}.Release|x64.Build.0 = Release|x64
		{3553D2BA-08D0-47FB-AE30-1D884903BBF3}.Release|x86.ActiveCfg = Release|x86
		{3553D2BA-08D0-47FB-AE30-1D884903BBF3}.Release|x86.Build.0 = Release|x86
		{3553D2BA-08D0-47FB-AE30-1D884903BBF3}.Release32Bit|Any CPU.ActiveCfg = Release32Bit|Any CPU
		{3553D2BA-08D0-47FB-AE30-1D884903BBF3}.Release32Bit|Any CPU.Build.0 = Release32Bit|Any CPU
		{3553D2BA-08D0-47FB-AE30-1D884903BBF3}.Release32Bit|x64.ActiveCfg = Release32Bit|x64
		{3553D2BA-08D0-47FB-AE30-1D884903BBF3}.Release32Bit|x64.Build.0 = Release32Bit|x64
		{3553D2BA-08D0-47FB-AE30-1D884903BBF3}.Release32Bit|x86.ActiveCfg = Release32Bit|x86
		{3553D2BA-08D0-47FB-AE30-1D884903BBF3}.Release32Bit|x86.Build.0 = Release32Bit|x86
		{4FD333EA-AC63-4CE7-ADE8-972FF723FF73}.Debug|Any CPU.ActiveCfg = Debug|Any CPU
		{4FD333EA-AC63-4CE7-ADE8-972FF723FF73}.Debug|Any CPU.Build.0 = Debug|Any CPU
		{4FD333EA-AC63-4CE7-ADE8-972FF723FF73}.Debug|x64.ActiveCfg = Debug|Any CPU
		{4FD333EA-AC63-4CE7-ADE8-972FF723FF73}.Debug|x64.Build.0 = Debug|Any CPU
		{4FD333EA-AC63-4CE7-ADE8-972FF723FF73}.Debug|x86.ActiveCfg = Debug|Any CPU
		{4FD333EA-AC63-4CE7-ADE8-972FF723FF73}.Debug|x86.Build.0 = Debug|Any CPU
		{4FD333EA-AC63-4CE7-ADE8-972FF723FF73}.Release|Any CPU.ActiveCfg = Release|Any CPU
		{4FD333EA-AC63-4CE7-ADE8-972FF723FF73}.Release|Any CPU.Build.0 = Release|Any CPU
		{4FD333EA-AC63-4CE7-ADE8-972FF723FF73}.Release|x64.ActiveCfg = Release|Any CPU
		{4FD333EA-AC63-4CE7-ADE8-972FF723FF73}.Release|x64.Build.0 = Release|Any CPU
		{4FD333EA-AC63-4CE7-ADE8-972FF723FF73}.Release|x86.ActiveCfg = Release|Any CPU
		{4FD333EA-AC63-4CE7-ADE8-972FF723FF73}.Release|x86.Build.0 = Release|Any CPU
		{4FD333EA-AC63-4CE7-ADE8-972FF723FF73}.Release32Bit|Any CPU.ActiveCfg = Release|Any CPU
		{4FD333EA-AC63-4CE7-ADE8-972FF723FF73}.Release32Bit|Any CPU.Build.0 = Release|Any CPU
		{4FD333EA-AC63-4CE7-ADE8-972FF723FF73}.Release32Bit|x64.ActiveCfg = Release|Any CPU
		{4FD333EA-AC63-4CE7-ADE8-972FF723FF73}.Release32Bit|x64.Build.0 = Release|Any CPU
		{4FD333EA-AC63-4CE7-ADE8-972FF723FF73}.Release32Bit|x86.ActiveCfg = Release|Any CPU
		{4FD333EA-AC63-4CE7-ADE8-972FF723FF73}.Release32Bit|x86.Build.0 = Release|Any CPU
		{3860FC81-A5C2-4C71-A713-BDA24DC22CB2}.Debug|Any CPU.ActiveCfg = Debug|Any CPU
		{3860FC81-A5C2-4C71-A713-BDA24DC22CB2}.Debug|Any CPU.Build.0 = Debug|Any CPU
		{3860FC81-A5C2-4C71-A713-BDA24DC22CB2}.Debug|x64.ActiveCfg = Debug|Any CPU
		{3860FC81-A5C2-4C71-A713-BDA24DC22CB2}.Debug|x64.Build.0 = Debug|Any CPU
		{3860FC81-A5C2-4C71-A713-BDA24DC22CB2}.Debug|x86.ActiveCfg = Debug|Any CPU
		{3860FC81-A5C2-4C71-A713-BDA24DC22CB2}.Debug|x86.Build.0 = Debug|Any CPU
		{3860FC81-A5C2-4C71-A713-BDA24DC22CB2}.Release|Any CPU.ActiveCfg = Release|Any CPU
		{3860FC81-A5C2-4C71-A713-BDA24DC22CB2}.Release|Any CPU.Build.0 = Release|Any CPU
		{3860FC81-A5C2-4C71-A713-BDA24DC22CB2}.Release|x64.ActiveCfg = Release|Any CPU
		{3860FC81-A5C2-4C71-A713-BDA24DC22CB2}.Release|x64.Build.0 = Release|Any CPU
		{3860FC81-A5C2-4C71-A713-BDA24DC22CB2}.Release|x86.ActiveCfg = Release|Any CPU
		{3860FC81-A5C2-4C71-A713-BDA24DC22CB2}.Release|x86.Build.0 = Release|Any CPU
		{3860FC81-A5C2-4C71-A713-BDA24DC22CB2}.Release32Bit|Any CPU.ActiveCfg = Release|Any CPU
		{3860FC81-A5C2-4C71-A713-BDA24DC22CB2}.Release32Bit|Any CPU.Build.0 = Release|Any CPU
		{3860FC81-A5C2-4C71-A713-BDA24DC22CB2}.Release32Bit|x64.ActiveCfg = Release|Any CPU
		{3860FC81-A5C2-4C71-A713-BDA24DC22CB2}.Release32Bit|x64.Build.0 = Release|Any CPU
		{3860FC81-A5C2-4C71-A713-BDA24DC22CB2}.Release32Bit|x86.ActiveCfg = Release|Any CPU
		{3860FC81-A5C2-4C71-A713-BDA24DC22CB2}.Release32Bit|x86.Build.0 = Release|Any CPU
		{15F644C6-7412-47C2-9D34-5FFECE8F7D8F}.Debug|Any CPU.ActiveCfg = Debug|Any CPU
		{15F644C6-7412-47C2-9D34-5FFECE8F7D8F}.Debug|Any CPU.Build.0 = Debug|Any CPU
		{15F644C6-7412-47C2-9D34-5FFECE8F7D8F}.Debug|x64.ActiveCfg = Debug|Any CPU
		{15F644C6-7412-47C2-9D34-5FFECE8F7D8F}.Debug|x64.Build.0 = Debug|Any CPU
		{15F644C6-7412-47C2-9D34-5FFECE8F7D8F}.Debug|x86.ActiveCfg = Debug|Any CPU
		{15F644C6-7412-47C2-9D34-5FFECE8F7D8F}.Debug|x86.Build.0 = Debug|Any CPU
		{15F644C6-7412-47C2-9D34-5FFECE8F7D8F}.Release|Any CPU.ActiveCfg = Release|Any CPU
		{15F644C6-7412-47C2-9D34-5FFECE8F7D8F}.Release|Any CPU.Build.0 = Release|Any CPU
		{15F644C6-7412-47C2-9D34-5FFECE8F7D8F}.Release|x64.ActiveCfg = Release|Any CPU
		{15F644C6-7412-47C2-9D34-5FFECE8F7D8F}.Release|x64.Build.0 = Release|Any CPU
		{15F644C6-7412-47C2-9D34-5FFECE8F7D8F}.Release|x86.ActiveCfg = Release|Any CPU
		{15F644C6-7412-47C2-9D34-5FFECE8F7D8F}.Release|x86.Build.0 = Release|Any CPU
		{15F644C6-7412-47C2-9D34-5FFECE8F7D8F}.Release32Bit|Any CPU.ActiveCfg = Release|Any CPU
		{15F644C6-7412-47C2-9D34-5FFECE8F7D8F}.Release32Bit|Any CPU.Build.0 = Release|Any CPU
		{15F644C6-7412-47C2-9D34-5FFECE8F7D8F}.Release32Bit|x64.ActiveCfg = Release|Any CPU
		{15F644C6-7412-47C2-9D34-5FFECE8F7D8F}.Release32Bit|x64.Build.0 = Release|Any CPU
		{15F644C6-7412-47C2-9D34-5FFECE8F7D8F}.Release32Bit|x86.ActiveCfg = Release|Any CPU
		{15F644C6-7412-47C2-9D34-5FFECE8F7D8F}.Release32Bit|x86.Build.0 = Release|Any CPU
		{C9015928-7C17-4571-BF01-2660B4A6B2E7}.Debug|Any CPU.ActiveCfg = Debug|Any CPU
		{C9015928-7C17-4571-BF01-2660B4A6B2E7}.Debug|Any CPU.Build.0 = Debug|Any CPU
		{C9015928-7C17-4571-BF01-2660B4A6B2E7}.Debug|x64.ActiveCfg = Debug|Any CPU
		{C9015928-7C17-4571-BF01-2660B4A6B2E7}.Debug|x64.Build.0 = Debug|Any CPU
		{C9015928-7C17-4571-BF01-2660B4A6B2E7}.Debug|x86.ActiveCfg = Debug|Any CPU
		{C9015928-7C17-4571-BF01-2660B4A6B2E7}.Debug|x86.Build.0 = Debug|Any CPU
		{C9015928-7C17-4571-BF01-2660B4A6B2E7}.Release|Any CPU.ActiveCfg = Release|Any CPU
		{C9015928-7C17-4571-BF01-2660B4A6B2E7}.Release|Any CPU.Build.0 = Release|Any CPU
		{C9015928-7C17-4571-BF01-2660B4A6B2E7}.Release|x64.ActiveCfg = Release|Any CPU
		{C9015928-7C17-4571-BF01-2660B4A6B2E7}.Release|x64.Build.0 = Release|Any CPU
		{C9015928-7C17-4571-BF01-2660B4A6B2E7}.Release|x86.ActiveCfg = Release|Any CPU
		{C9015928-7C17-4571-BF01-2660B4A6B2E7}.Release|x86.Build.0 = Release|Any CPU
		{C9015928-7C17-4571-BF01-2660B4A6B2E7}.Release32Bit|Any CPU.ActiveCfg = Release|Any CPU
		{C9015928-7C17-4571-BF01-2660B4A6B2E7}.Release32Bit|Any CPU.Build.0 = Release|Any CPU
		{C9015928-7C17-4571-BF01-2660B4A6B2E7}.Release32Bit|x64.ActiveCfg = Release|Any CPU
		{C9015928-7C17-4571-BF01-2660B4A6B2E7}.Release32Bit|x64.Build.0 = Release|Any CPU
		{C9015928-7C17-4571-BF01-2660B4A6B2E7}.Release32Bit|x86.ActiveCfg = Release|Any CPU
		{C9015928-7C17-4571-BF01-2660B4A6B2E7}.Release32Bit|x86.Build.0 = Release|Any CPU
	EndGlobalSection
	GlobalSection(SolutionProperties) = preSolution
		HideSolutionNode = FALSE
	EndGlobalSection
	GlobalSection(ExtensibilityGlobals) = postSolution
		SolutionGuid = {C966A9F2-97DD-4198-BE07-A619FE054E9A}
	EndGlobalSection
EndGlobal
